
Microsoft Visual Studio Solution File, Format Version 12.00
# Visual Studio Version 17
VisualStudioVersion = 17.8.34309.116
MinimumVisualStudioVersion = 10.0.40219.1
Project("{FAE04EC0-301F-11D3-BF4B-00C04F79EFBC}") = "GitHubActions", "GitHubActions\GitHubActions.csproj", "{6568436B-BB49-41B9-A1FF-FD6D28D691DD}"
EndProject
Global
	GlobalSection(SolutionConfigurationPlatforms) = preSolution
		Debug|Any CPU = Debug|Any CPU
		Release|Any CPU = Release|Any CPU
	EndGlobalSection
	GlobalSection(ProjectConfigurationPlatforms) = postSolution
		{6568436B-BB49-41B9-A1FF-FD6D28D691DD}.Debug|Any CPU.ActiveCfg = Debug|Any CPU
		{6568436B-BB49-41B9-A1FF-FD6D28D691DD}.Debug|Any CPU.Build.0 = Debug|Any CPU
		{6568436B-BB49-41B9-A1FF-FD6D28D691DD}.Release|Any CPU.ActiveCfg = Release|Any CPU
		{6568436B-BB49-41B9-A1FF-FD6D28D691DD}.Release|Any CPU.Build.0 = Release|Any CPU
	EndGlobalSection
	GlobalSection(SolutionProperties) = preSolution
		HideSolutionNode = FALSE
	EndGlobalSection
	GlobalSection(ExtensibilityGlobals) = postSolution
		SolutionGuid = {B46329F0-4C79-4B8F-8384-39F52FE172EB}
	EndGlobalSection
EndGlobal
