
Microsoft Visual Studio Solution File, Format Version 12.00
# Visual Studio Version 17
VisualStudioVersion = 17.5.002.0
MinimumVisualStudioVersion = 10.0.40219.1
Project("{9A19103F-16F7-4668-BE54-9A1E7A4F7556}") = "Function App", "Function App.csproj", "{A7B38775-2B4C-4599-95FE-0DEBEDC8C011}"
EndProject
Global
	GlobalSection(SolutionConfigurationPlatforms) = preSolution
		Debug|Any CPU = Debug|Any CPU
		Release|Any CPU = Release|Any CPU
	EndGlobalSection
	GlobalSection(ProjectConfigurationPlatforms) = postSolution
		{A7B38775-2B4C-4599-95FE-0DEBEDC8C011}.Debug|Any CPU.ActiveCfg = Debug|Any CPU
		{A7B38775-2B4C-4599-95FE-0DEBEDC8C011}.Debug|Any CPU.Build.0 = Debug|Any CPU
		{A7B38775-2B4C-4599-95FE-0DEBEDC8C011}.Release|Any CPU.ActiveCfg = Release|Any CPU
		{A7B38775-2B4C-4599-95FE-0DEBEDC8C011}.Release|Any CPU.Build.0 = Release|Any CPU
	EndGlobalSection
	GlobalSection(SolutionProperties) = preSolution
		HideSolutionNode = FALSE
	EndGlobalSection
	GlobalSection(ExtensibilityGlobals) = postSolution
		SolutionGuid = {6C9EDCBA-052D-4441-95F4-6AB95284E264}
	EndGlobalSection
EndGlobal
